
Microsoft Visual Studio Solution File, Format Version 12.00
# Visual Studio 2012
Project("{FAE04EC0-301F-11D3-BF4B-00C04F79EFBC}") = "Match_the_following", "Match_the_following\Match_the_following.csproj", "{8003AF21-6B75-4AC3-AF3C-1F01DF51297F}"
EndProject
Global
	GlobalSection(SolutionConfigurationPlatforms) = preSolution
		Debug|Any CPU = Debug|Any CPU
		Release|Any CPU = Release|Any CPU
	EndGlobalSection
	GlobalSection(ProjectConfigurationPlatforms) = postSolution
		{8003AF21-6B75-4AC3-AF3C-1F01DF51297F}.Debug|Any CPU.ActiveCfg = Debug|Any CPU
		{8003AF21-6B75-4AC3-AF3C-1F01DF51297F}.Debug|Any CPU.Build.0 = Debug|Any CPU
		{8003AF21-6B75-4AC3-AF3C-1F01DF51297F}.Release|Any CPU.ActiveCfg = Release|Any CPU
		{8003AF21-6B75-4AC3-AF3C-1F01DF51297F}.Release|Any CPU.Build.0 = Release|Any CPU
	EndGlobalSection
	GlobalSection(SolutionProperties) = preSolution
		HideSolutionNode = FALSE
	EndGlobalSection
EndGlobal
